
Microsoft Visual Studio Solution File, Format Version 12.00
# Visual Studio Version 16
VisualStudioVersion = 16.0.29519.181
MinimumVisualStudioVersion = 10.0.40219.1
Project("{FAE04EC0-301F-11D3-BF4B-00C04F79EFBC}") = "LocalizedRoutingSample.Mvc", "LocalizedRoutingSample.Mvc\LocalizedRoutingSample.Mvc.csproj", "{CE5A6CBF-BE1F-4D1A-93F2-F4EDB9A7BFEE}"
EndProject
Global
	GlobalSection(SolutionConfigurationPlatforms) = preSolution
		Debug|Any CPU = Debug|Any CPU
		Release|Any CPU = Release|Any CPU
	EndGlobalSection
	GlobalSection(ProjectConfigurationPlatforms) = postSolution
		{CE5A6CBF-BE1F-4D1A-93F2-F4EDB9A7BFEE}.Debug|Any CPU.ActiveCfg = Debug|Any CPU
		{CE5A6CBF-BE1F-4D1A-93F2-F4EDB9A7BFEE}.Debug|Any CPU.Build.0 = Debug|Any CPU
		{CE5A6CBF-BE1F-4D1A-93F2-F4EDB9A7BFEE}.Release|Any CPU.ActiveCfg = Release|Any CPU
		{CE5A6CBF-BE1F-4D1A-93F2-F4EDB9A7BFEE}.Release|Any CPU.Build.0 = Release|Any CPU
	EndGlobalSection
	GlobalSection(SolutionProperties) = preSolution
		HideSolutionNode = FALSE
	EndGlobalSection
	GlobalSection(ExtensibilityGlobals) = postSolution
		SolutionGuid = {7E7F8B95-93E5-4FF9-B091-F9241E9CEF6A}
	EndGlobalSection
EndGlobal
